
Microsoft Visual Studio Solution File, Format Version 12.00
# Visual Studio Version 16
VisualStudioVersion = 16.0.29926.136
MinimumVisualStudioVersion = 10.0.40219.1
Project("{FAE04EC0-301F-11D3-BF4B-00C04F79EFBC}") = "HellGateTimer", "HellGateTimer\HellGateTimer.csproj", "{F2695868-9E52-4F02-AA16-522F80E48654}"
EndProject
Global
	GlobalSection(SolutionConfigurationPlatforms) = preSolution
		Debug|Any CPU = Debug|Any CPU
		Release|Any CPU = Release|Any CPU
	EndGlobalSection
	GlobalSection(ProjectConfigurationPlatforms) = postSolution
		{F2695868-9E52-4F02-AA16-522F80E48654}.Debug|Any CPU.ActiveCfg = Debug|Any CPU
		{F2695868-9E52-4F02-AA16-522F80E48654}.Debug|Any CPU.Build.0 = Debug|Any CPU
		{F2695868-9E52-4F02-AA16-522F80E48654}.Release|Any CPU.ActiveCfg = Release|Any CPU
		{F2695868-9E52-4F02-AA16-522F80E48654}.Release|Any CPU.Build.0 = Release|Any CPU
	EndGlobalSection
	GlobalSection(SolutionProperties) = preSolution
		HideSolutionNode = FALSE
	EndGlobalSection
	GlobalSection(ExtensibilityGlobals) = postSolution
		SolutionGuid = {F998D47E-CE92-4AC2-A9A9-130F84702974}
	EndGlobalSection
EndGlobal
